{
	"name": "@onepark/react-native-component-map-clustering",
	"version": "1.1.2",
	"lockfileVersion": 1,
	"requires": true,
	"dependencies": {
		"kdbush": {
			"version": "2.0.1",
			"resolved": "https://registry.npmjs.org/kdbush/-/kdbush-2.0.1.tgz",
			"integrity": "sha512-9KqSdmWCkBIisFIGclT0FRagKhI7IVbMyUjsxCFG0Ly1Dg6whlxJ7b9lrq8ifk3X/fGeJzok1R75LQfZTfA5zQ=="
		},
		"lodash": {
			"version": "4.17.15",
			"resolved": "https://registry.npmjs.org/lodash/-/lodash-4.17.15.tgz",
			"integrity": "sha512-8xOcRHvCjnocdS5cpwXQXVzmmh5e5+saE2QGoeQmbKmRS6J3VQppPOIt0MnmE+4xlZoumy0GPG0D0MVIQbNA1A=="
		},
		"supercluster": {
			"version": "4.1.1",
			"resolved": "https://registry.npmjs.org/supercluster/-/supercluster-4.1.1.tgz",
			"integrity": "sha512-sF0FfUOPFp96DKzwWFLeQOEqqKu2PpcesxAFeFsknA/q7g7igVVn/p3NI2XHEghNSyDAqunKNKqAbqNO8+7NDQ==",
			"requires": {
				"kdbush": "^2.0.1"
			}
		}
	}
}
